dependencies:
- name: redis
  repository: https://kubernetes-charts.storage.googleapis.com
  version: 10.5.7
- name: nginx-ingress
  repository: https://kubernetes-charts.storage.googleapis.com
  version: 1.36.0
- name: prometheus-operator
  repository: https://kubernetes-charts.storage.googleapis.com
  version: 8.12.12
- name: cert-manager
  repository: https://charts.jetstack.io
  version: v0.14.2
- name: vernemq
  repository: https://vernemq.github.io/docker-vernemq
  version: 1.6.2
digest: sha256:aed38ddda06490761bad84309751a13b55c6c339b795318c95091ce4b8bd5ed1
generated: "2020-04-21T10:04:06.918537-04:00"
